
Microsoft Visual Studio Solution File, Format Version 12.00
# Visual Studio 15
VisualStudioVersion = 15.0.27004.2010
MinimumVisualStudioVersion = 10.0.40219.1
Project("{FAE04EC0-301F-11D3-BF4B-00C04F79EFBC}") = "EasyToMySql", "EasyToMySql\EasyToMySql.csproj", "{12A915CF-C319-4631-9E97-CC02C1EE3479}"
EndProject
Global
	GlobalSection(SolutionConfigurationPlatforms) = preSolution
		Debug|Any CPU = Debug|Any CPU
		Release|Any CPU = Release|Any CPU
	EndGlobalSection
	GlobalSection(ProjectConfigurationPlatforms) = postSolution
		{12A915CF-C319-4631-9E97-CC02C1EE3479}.Debug|Any CPU.ActiveCfg = Debug|Any CPU
		{12A915CF-C319-4631-9E97-CC02C1EE3479}.Debug|Any CPU.Build.0 = Debug|Any CPU
		{12A915CF-C319-4631-9E97-CC02C1EE3479}.Release|Any CPU.ActiveCfg = Release|Any CPU
		{12A915CF-C319-4631-9E97-CC02C1EE3479}.Release|Any CPU.Build.0 = Release|Any CPU
	EndGlobalSection
	GlobalSection(SolutionProperties) = preSolution
		HideSolutionNode = FALSE
	EndGlobalSection
	GlobalSection(ExtensibilityGlobals) = postSolution
		SolutionGuid = {0E470990-A091-4E6B-BFA1-3354C6B1B3D4}
	EndGlobalSection
EndGlobal
